[[package]]
name = "attrs"
version = "22.1.0"
requires_python = ">=3.5"
summary = "Classes Without Boilerplate"

[[package]]
name = "black"
version = "22.10.0"
requires_python = ">=3.7"
summary = "The uncompromising code formatter."
dependencies = [
    "click>=8.0.0",
    "mypy-extensions>=0.4.3",
    "pathspec>=0.9.0",
    "platformdirs>=2",
    "tomli>=1.1.0; python_full_version < \"3.11.0a7\"",
    "typed-ast>=1.4.2; python_version < \"3.8\" and implementation_name == \"cpython\"",
    "typing-extensions>=3.10.0.0; python_version < \"3.10\"",
]

[[package]]
name = "click"
version = "8.1.3"
requires_python = ">=3.7"
summary = "Composable command line interface toolkit"
dependencies = [
    "colorama; platform_system == \"Windows\"",
    "importlib-metadata; python_version < \"3.8\"",
]

[[package]]
name = "colorama"
version = "0.4.5"
requires_python = ">=2.7, !=3.0.*, !=3.1.*, !=3.2.*, !=3.3.*, !=3.4.*"
summary = "Cross-platform colored terminal text."

[[package]]
name = "importlib-metadata"
version = "4.2.0"
requires_python = ">=3.6"
summary = "Read metadata from Python packages"
dependencies = [
    "typing-extensions>=3.6.4; python_version < \"3.8\"",
    "zipp>=0.5",
]

[[package]]
name = "iniconfig"
version = "1.1.1"
summary = "iniconfig: brain-dead simple config-ini parsing"

[[package]]
name = "jedi"
version = "0.18.1"
requires_python = ">=3.6"
summary = "An autocompletion tool for Python that can be used for text editors."
dependencies = [
    "parso<0.9.0,>=0.8.0",
]

[[package]]
name = "mypy-extensions"
version = "0.4.3"
summary = "Experimental type system extensions for programs checked with the mypy typechecker."

[[package]]
name = "packaging"
version = "21.3"
requires_python = ">=3.6"
summary = "Core utilities for Python packages"
dependencies = [
    "pyparsing!=3.0.5,>=2.0.2",
]

[[package]]
name = "parso"
version = "0.8.3"
requires_python = ">=3.6"
summary = "A Python Parser"

[[package]]
name = "pathspec"
version = "0.10.1"
requires_python = ">=3.7"
summary = "Utility library for gitignore style pattern matching of file paths."

[[package]]
name = "platformdirs"
version = "2.5.2"
requires_python = ">=3.7"
summary = "A small Python module for determining appropriate platform-specific dirs, e.g. a \"user data dir\"."

[[package]]
name = "pluggy"
version = "1.0.0"
requires_python = ">=3.6"
summary = "plugin and hook calling mechanisms for python"
dependencies = [
    "importlib-metadata>=0.12; python_version < \"3.8\"",
]

[[package]]
name = "py"
version = "1.11.0"
requires_python = ">=2.7, !=3.0.*, !=3.1.*, !=3.2.*, !=3.3.*, !=3.4.*"
summary = "library with cross-python path, ini-parsing, io, code, log facilities"

[[package]]
name = "pyparsing"
version = "3.0.9"
requires_python = ">=3.6.8"
summary = "pyparsing module - Classes and methods to define and execute parsing grammars"

[[package]]
name = "pytest"
version = "7.1.3"
requires_python = ">=3.7"
summary = "pytest: simple powerful testing with Python"
dependencies = [
    "attrs>=19.2.0",
    "colorama; sys_platform == \"win32\"",
    "importlib-metadata>=0.12; python_version < \"3.8\"",
    "iniconfig",
    "packaging",
    "pluggy<2.0,>=0.12",
    "py>=1.8.2",
    "tomli>=1.0.0",
]

[[package]]
name = "python-lsp-black"
version = "1.2.1"
requires_python = ">=3.7"
summary = "Black plugin for the Python LSP Server"
dependencies = [
    "black>=22.3.0",
    "python-lsp-server>=1.4.0",
    "toml",
]

[[package]]
name = "python-lsp-jsonrpc"
version = "1.0.0"
summary = "JSON RPC 2.0 server library"
dependencies = [
    "ujson>=3.0.0",
]

[[package]]
name = "python-lsp-server"
version = "1.5.0"
requires_python = ">=3.7"
summary = "Python Language Server for the Language Server Protocol"
dependencies = [
    "jedi<0.19.0,>=0.17.2",
    "pluggy>=1.0.0",
    "python-lsp-jsonrpc>=1.0.0",
    "setuptools>=39.0.0",
    "ujson>=3.0.0",
]

[[package]]
name = "setuptools"
version = "65.5.0"
requires_python = ">=3.7"
summary = "Easily download, build, install, upgrade, and uninstall Python packages"

[[package]]
name = "termcolor"
version = "1.1.0"
summary = "ANSII Color formatting for output in terminal."

[[package]]
name = "toml"
version = "0.10.2"
requires_python = ">=2.6, !=3.0.*, !=3.1.*, !=3.2.*"
summary = "Python Library for Tom's Obvious, Minimal Language"

[[package]]
name = "tomli"
version = "2.0.1"
requires_python = ">=3.7"
summary = "A lil' TOML parser"

[[package]]
name = "typed-ast"
version = "1.5.4"
requires_python = ">=3.6"
summary = "a fork of Python 2 and 3 ast modules with type comment support"

[[package]]
name = "typing-extensions"
version = "4.3.0"
requires_python = ">=3.7"
summary = "Backported and Experimental Type Hints for Python 3.7+"

[[package]]
name = "ujson"
version = "5.5.0"
requires_python = ">=3.7"
summary = "Ultra fast JSON encoder and decoder for Python"

[[package]]
name = "zipp"
version = "3.8.1"
requires_python = ">=3.7"
summary = "Backport of pathlib-compatible object wrapper for zip files"

[metadata]
lock_version = "4.0"
content_hash = "sha256:a0b3ef997c9a9962c7b8ab4d9a3a138b2877d81ee12c2513abee7d4b2b4bd877"

[metadata.files]
"attrs 22.1.0" = [
    {url = "https://files.pythonhosted.org/packages/1a/cb/c4ffeb41e7137b23755a45e1bfec9cbb76ecf51874c6f1d113984ecaa32c/attrs-22.1.0.tar.gz", hash = "sha256:29adc2665447e5191d0e7c568fde78b21f9672d344281d0c6e1ab085429b22b6"},
    {url = "https://files.pythonhosted.org/packages/f2/bc/d817287d1aa01878af07c19505fafd1165cd6a119e9d0821ca1d1c20312d/attrs-22.1.0-py2.py3-none-any.whl", hash = "sha256:86efa402f67bf2df34f51a335487cf46b1ec130d02b8d39fd248abfd30da551c"},
]
"black 22.10.0" = [
    {url = "https://files.pythonhosted.org/packages/2c/11/f2737cd3b458d91401801e83a014e87c63e8904dc063200f77826c352f54/black-22.10.0-cp310-cp310-macosx_11_0_arm64.whl", hash = "sha256:2039230db3c6c639bd84efe3292ec7b06e9214a2992cd9beb293d639c6402edb"},
    {url = "https://files.pythonhosted.org/packages/3d/c5/b3ab9b563f35fb284d37ab2b14acaed9a27d8cdea9c31364766eb54946a7/black-22.10.0-cp37-cp37m-win_amd64.whl", hash = "sha256:9311e99228ae10023300ecac05be5a296f60d2fd10fff31cf5c1fa4ca4b1988d"},
    {url = "https://files.pythonhosted.org/packages/56/df/913d71817c7034edba25d596c54f782c2f809b6af30367d2f00309e8890a/black-22.10.0-cp311-cp311-win_amd64.whl", hash = "sha256:21199526696b8f09c3997e2b4db8d0b108d801a348414264d2eb8eb2532e540d"},
    {url = "https://files.pythonhosted.org/packages/69/21/846c95710cc6561ba980bd6c72479dbcdde742e927ff5ef7340916d003ac/black-22.10.0-1fixedarch-cp38-cp38-macosx_10_16_x86_64.whl", hash = "sha256:2644b5d63633702bc2c5f3754b1b475378fbbfb481f62319388235d0cd104c2d"},
    {url = "https://files.pythonhosted.org/packages/69/84/903cdf41514088d5a716538cb189c471ab34e56ae9a1c2da6b8bfe8e4dbf/black-22.10.0-cp39-cp39-macosx_11_0_arm64.whl", hash = "sha256:974308c58d057a651d182208a484ce80a26dac0caef2895836a92dd6ebd725e0"},
    {url = "https://files.pythonhosted.org/packages/71/f8/57e47ea67f59613c4368a952062bc3429131249920cffbb8362fd404b733/black-22.10.0-cp38-cp38-macosx_11_0_arm64.whl", hash = "sha256:fba8a281e570adafb79f7755ac8721b6cf1bbf691186a287e990c7929c7692ff"},
    {url = "https://files.pythonhosted.org/packages/86/da/edebcc6c13441d91eff6761e50512bc6d6886a556dc5357b399694122b4f/black-22.10.0-1fixedarch-cp37-cp37m-macosx_10_16_x86_64.whl", hash = "sha256:197df8509263b0b8614e1df1756b1dd41be6738eed2ba9e9769f3880c2b9d7b6"},
    {url = "https://files.pythonhosted.org/packages/91/e6/d9b78987d7d903369ba1a0b795bce4de06f0155be6609f15e8950aef8f7e/black-22.10.0-cp38-cp38-win_amd64.whl", hash = "sha256:444ebfb4e441254e87bad00c661fe32df9969b2bf224373a448d8aca2132b395"},
    {url = "https://files.pythonhosted.org/packages/a3/89/629fca2eea0899c06befaa58dc0f49d56807d454202bb2e54bd0d98c77f3/black-22.10.0.tar.gz", hash = "sha256:f513588da599943e0cde4e32cc9879e825d58720d6557062d1098c5ad80080e1"},
    {url = "https://files.pythonhosted.org/packages/a5/5f/9cfc6dd95965f8df30194472543e6f0515a10d78ea5378426ef1546735c7/black-22.10.0-cp310-cp310-manylinux_2_17_x86_64.manylinux2014_x86_64.whl", hash = "sha256:14ff67aec0a47c424bc99b71005202045dc09270da44a27848d534600ac64fc7"},
    {url = "https://files.pythonhosted.org/packages/a6/84/5c3f3ffc4143fa7e208d745d2239d915e74d3709fdbc64c3e98d3fd27e56/black-22.10.0-1fixedarch-cp311-cp311-macosx_11_0_x86_64.whl", hash = "sha256:5d8f74030e67087b219b032aa33a919fae8806d49c867846bfacde57f43972ef"},
    {url = "https://files.pythonhosted.org/packages/ab/15/61119d166a44699827c112d7c4726421f14323c2cb7aa9f4c26628f237f9/black-22.10.0-cp39-cp39-win_amd64.whl", hash = "sha256:432247333090c8c5366e69627ccb363bc58514ae3e63f7fc75c54b1ea80fa7de"},
    {url = "https://files.pythonhosted.org/packages/ae/49/ea03c318a25be359b8e5178a359d47e2da8f7524e1522c74b8f74c66b6f8/black-22.10.0-1fixedarch-cp310-cp310-macosx_11_0_x86_64.whl", hash = "sha256:5cc42ca67989e9c3cf859e84c2bf014f6633db63d1cbdf8fdb666dcd9e77e3fa"},
    {url = "https://files.pythonhosted.org/packages/b0/9e/fa912c5ae4b8eb6d36982fc8ac2d779cf944dbd7c3c1fe7a28acf462c1ed/black-22.10.0-cp311-cp311-manylinux_2_17_x86_64.manylinux2014_x86_64.whl", hash = "sha256:b8b49776299fece66bffaafe357d929ca9451450f5466e997a7285ab0fe28e3b"},
    {url = "https://files.pythonhosted.org/packages/b9/51/403b0b0eb9fb412ca02b79dc38472469f2f88c9aacc6bb5262143e4ff0bc/black-22.10.0-cp39-cp39-manylinux_2_17_x86_64.manylinux2014_x86_64.whl", hash = "sha256:72ef3925f30e12a184889aac03d77d031056860ccae8a1e519f6cbb742736383"},
    {url = "https://files.pythonhosted.org/packages/ce/6f/74492b8852ee4f2ad2178178f6b65bc8fc80ad539abe56c1c23eab6732e2/black-22.10.0-py3-none-any.whl", hash = "sha256:c957b2b4ea88587b46cf49d1dc17681c1e672864fd7af32fc1e9664d572b3458"},
    {url = "https://files.pythonhosted.org/packages/d0/5a/5f31494e3acbb6319ee60c3a3a09d3e536a3fd2353f76af9cbff799c4999/black-22.10.0-cp38-cp38-manylinux_2_17_x86_64.manylinux2014_x86_64.whl", hash = "sha256:915ace4ff03fdfff953962fa672d44be269deb2eaf88499a0f8805221bc68c87"},
    {url = "https://files.pythonhosted.org/packages/e2/2f/a8406a9e337a213802aa90a3e9fbf90c86f3edce92f527255fd381309b77/black-22.10.0-cp311-cp311-macosx_11_0_arm64.whl", hash = "sha256:5b9b29da4f564ba8787c119f37d174f2b69cdfdf9015b7d8c5c16121ddc054ae"},
    {url = "https://files.pythonhosted.org/packages/e3/b4/9203f1a0c99aa30389b61fa8cb54bc9f4bf16ac3aa74630c6b974ed3f3b0/black-22.10.0-cp37-cp37m-manylinux_2_17_x86_64.manylinux2014_x86_64.whl", hash = "sha256:1e464456d24e23d11fced2bc8c47ef66d471f845c7b7a42f3bd77bf3d1789650"},
    {url = "https://files.pythonhosted.org/packages/f2/23/f4278377cabf882298b4766e977fd04377f288d1ccef706953076a1e0598/black-22.10.0-1fixedarch-cp39-cp39-macosx_11_0_x86_64.whl", hash = "sha256:e41a86c6c650bcecc6633ee3180d80a025db041a8e2398dcc059b3afa8382cd4"},
    {url = "https://files.pythonhosted.org/packages/ff/ce/22281871536b3d79474fd44d48dad48f7cbc5c3982bddf6a7495e7079d00/black-22.10.0-cp310-cp310-win_amd64.whl", hash = "sha256:819dc789f4498ecc91438a7de64427c73b45035e2e3680c92e18795a839ebb66"},
]
"click 8.1.3" = [
    {url = "https://files.pythonhosted.org/packages/59/87/84326af34517fca8c58418d148f2403df25303e02736832403587318e9e8/click-8.1.3.tar.gz", hash = "sha256:7682dc8afb30297001674575ea00d1814d808d6a36af415a82bd481d37ba7b8e"},
    {url = "https://files.pythonhosted.org/packages/c2/f1/df59e28c642d583f7dacffb1e0965d0e00b218e0186d7858ac5233dce840/click-8.1.3-py3-none-any.whl", hash = "sha256:bb4d8133cb15a609f44e8213d9b391b0809795062913b383c62be0ee95b1db48"},
]
"colorama 0.4.5" = [
    {url = "https://files.pythonhosted.org/packages/2b/65/24d033a9325ce42ccbfa3ca2d0866c7e89cc68e5b9d92ecaba9feef631df/colorama-0.4.5.tar.gz", hash = "sha256:e6c6b4334fc50988a639d9b98aa429a0b57da6e17b9a44f0451f930b6967b7a4"},
    {url = "https://files.pythonhosted.org/packages/77/8b/7550e87b2d308a1b711725dfaddc19c695f8c5fa413c640b2be01662f4e6/colorama-0.4.5-py2.py3-none-any.whl", hash = "sha256:854bf444933e37f5824ae7bfc1e98d5bce2ebe4160d46b5edf346a89358e99da"},
]
"importlib-metadata 4.2.0" = [
    {url = "https://files.pythonhosted.org/packages/22/51/52442c59db26637681148c21f8984eed58c9db67053a0a4783a047010c98/importlib_metadata-4.2.0-py3-none-any.whl", hash = "sha256:057e92c15bc8d9e8109738a48db0ccb31b4d9d5cfbee5a8670879a30be66304b"},
    {url = "https://files.pythonhosted.org/packages/c7/7c/126a8686399ebe256b5e4343ea80b6f2ee91549969da2eef0bb2891b8d24/importlib_metadata-4.2.0.tar.gz", hash = "sha256:b7e52a1f8dec14a75ea73e0891f3060099ca1d8e6a462a4dff11c3e119ea1b31"},
]
"iniconfig 1.1.1" = [
    {url = "https://files.pythonhosted.org/packages/23/a2/97899f6bd0e873fed3a7e67ae8d3a08b21799430fb4da15cfedf10d6e2c2/iniconfig-1.1.1.tar.gz", hash = "sha256:bc3af051d7d14b2ee5ef9969666def0cd1a000e121eaea580d4a313df4b37f32"},
    {url = "https://files.pythonhosted.org/packages/9b/dd/b3c12c6d707058fa947864b67f0c4e0c39ef8610988d7baea9578f3c48f3/iniconfig-1.1.1-py2.py3-none-any.whl", hash = "sha256:011e24c64b7f47f6ebd835bb12a743f2fbe9a26d4cecaa7f53bc4f35ee9da8b3"},
]
"jedi 0.18.1" = [
    {url = "https://files.pythonhosted.org/packages/b3/0e/836f12ec50075161e365131f13f5758451645af75c2becf61c6351ecec39/jedi-0.18.1-py2.py3-none-any.whl", hash = "sha256:637c9635fcf47945ceb91cd7f320234a7be540ded6f3e99a50cb6febdfd1ba8d"},
    {url = "https://files.pythonhosted.org/packages/c2/25/273288df952e07e3190446efbbb30b0e4871a0d63b4246475f3019d4f55e/jedi-0.18.1.tar.gz", hash = "sha256:74137626a64a99c8eb6ae5832d99b3bdd7d29a3850fe2aa80a4126b2a7d949ab"},
]
"mypy-extensions 0.4.3" = [
    {url = "https://files.pythonhosted.org/packages/5c/eb/975c7c080f3223a5cdaff09612f3a5221e4ba534f7039db34c35d95fa6a5/mypy_extensions-0.4.3-py2.py3-none-any.whl", hash = "sha256:090fedd75945a69ae91ce1303b5824f428daf5a028d2f6ab8a299250a846f15d"},
    {url = "https://files.pythonhosted.org/packages/63/60/0582ce2eaced55f65a4406fc97beba256de4b7a95a0034c6576458c6519f/mypy_extensions-0.4.3.tar.gz", hash = "sha256:2d82818f5bb3e369420cb3c4060a7970edba416647068eb4c5343488a6c604a8"},
]
"packaging 21.3" = [
    {url = "https://files.pythonhosted.org/packages/05/8e/8de486cbd03baba4deef4142bd643a3e7bbe954a784dc1bb17142572d127/packaging-21.3-py3-none-any.whl", hash = "sha256:ef103e05f519cdc783ae24ea4e2e0f508a9c99b2d4969652eed6a2e1ea5bd522"},
    {url = "https://files.pythonhosted.org/packages/df/9e/d1a7217f69310c1db8fdf8ab396229f55a699ce34a203691794c5d1cad0c/packaging-21.3.tar.gz", hash = "sha256:dd47c42927d89ab911e606518907cc2d3a1f38bbd026385970643f9c5b8ecfeb"},
]
"parso 0.8.3" = [
    {url = "https://files.pythonhosted.org/packages/05/63/8011bd08a4111858f79d2b09aad86638490d62fbf881c44e434a6dfca87b/parso-0.8.3-py2.py3-none-any.whl", hash = "sha256:c001d4636cd3aecdaf33cbb40aebb59b094be2a74c556778ef5576c175e19e75"},
    {url = "https://files.pythonhosted.org/packages/a2/0e/41f0cca4b85a6ea74d66d2226a7cda8e41206a624f5b330b958ef48e2e52/parso-0.8.3.tar.gz", hash = "sha256:8c07be290bb59f03588915921e29e8a50002acaf2cdc5fa0e0114f91709fafa0"},
]
"pathspec 0.10.1" = [
    {url = "https://files.pythonhosted.org/packages/24/9f/a9ae1e6efa11992dba2c4727d94602bd2f6ee5f0dedc29ee2d5d572c20f7/pathspec-0.10.1.tar.gz", hash = "sha256:7ace6161b621d31e7902eb6b5ae148d12cfd23f4a249b9ffb6b9fee12084323d"},
    {url = "https://files.pythonhosted.org/packages/63/82/2179fdc39bc1bb43296f638ae1dfe2581ec2617b4e87c28b0d23d44b997f/pathspec-0.10.1-py3-none-any.whl", hash = "sha256:46846318467efc4556ccfd27816e004270a9eeeeb4d062ce5e6fc7a87c573f93"},
]
"platformdirs 2.5.2" = [
    {url = "https://files.pythonhosted.org/packages/ed/22/967181c94c3a4063fe64e15331b4cb366bdd7dfbf46fcb8ad89650026fec/platformdirs-2.5.2-py3-none-any.whl", hash = "sha256:027d8e83a2d7de06bbac4e5ef7e023c02b863d7ea5d079477e722bb41ab25788"},
    {url = "https://files.pythonhosted.org/packages/ff/7b/3613df51e6afbf2306fc2465671c03390229b55e3ef3ab9dd3f846a53be6/platformdirs-2.5.2.tar.gz", hash = "sha256:58c8abb07dcb441e6ee4b11d8df0ac856038f944ab98b7be6b27b2a3c7feef19"},
]
"pluggy 1.0.0" = [
    {url = "https://files.pythonhosted.org/packages/9e/01/f38e2ff29715251cf25532b9082a1589ab7e4f571ced434f98d0139336dc/pluggy-1.0.0-py2.py3-none-any.whl", hash = "sha256:74134bbf457f031a36d68416e1509f34bd5ccc019f0bcc952c7b909d06b37bd3"},
    {url = "https://files.pythonhosted.org/packages/a1/16/db2d7de3474b6e37cbb9c008965ee63835bba517e22cdb8c35b5116b5ce1/pluggy-1.0.0.tar.gz", hash = "sha256:4224373bacce55f955a878bf9cfa763c1e360858e330072059e10bad68531159"},
]
"py 1.11.0" = [
    {url = "https://files.pythonhosted.org/packages/98/ff/fec109ceb715d2a6b4c4a85a61af3b40c723a961e8828319fbcb15b868dc/py-1.11.0.tar.gz", hash = "sha256:51c75c4126074b472f746a24399ad32f6053d1b34b68d2fa41e558e6f4a98719"},
    {url = "https://files.pythonhosted.org/packages/f6/f0/10642828a8dfb741e5f3fbaac830550a518a775c7fff6f04a007259b0548/py-1.11.0-py2.py3-none-any.whl", hash = "sha256:607c53218732647dff4acdfcd50cb62615cedf612e72d1724fb1a0cc6405b378"},
]
"pyparsing 3.0.9" = [
    {url = "https://files.pythonhosted.org/packages/6c/10/a7d0fa5baea8fe7b50f448ab742f26f52b80bfca85ac2be9d35cdd9a3246/pyparsing-3.0.9-py3-none-any.whl", hash = "sha256:5026bae9a10eeaefb61dab2f09052b9f4307d44aee4eda64b309723d8d206bbc"},
    {url = "https://files.pythonhosted.org/packages/71/22/207523d16464c40a0310d2d4d8926daffa00ac1f5b1576170a32db749636/pyparsing-3.0.9.tar.gz", hash = "sha256:2b020ecf7d21b687f219b71ecad3631f644a47f01403fa1d1036b0c6416d70fb"},
]
"pytest 7.1.3" = [
    {url = "https://files.pythonhosted.org/packages/a4/a7/8c63a4966935b0d0b039fd67ebf2e1ae00f1af02ceb912d838814d772a9a/pytest-7.1.3.tar.gz", hash = "sha256:4f365fec2dff9c1162f834d9f18af1ba13062db0c708bf7b946f8a5c76180c39"},
    {url = "https://files.pythonhosted.org/packages/e3/b9/3541bbcb412a9fd56593005ff32183825634ef795a1c01ceb6dee86e7259/pytest-7.1.3-py3-none-any.whl", hash = "sha256:1377bda3466d70b55e3f5cecfa55bb7cfcf219c7964629b967c37cf0bda818b7"},
]
"python-lsp-black 1.2.1" = [
    {url = "https://files.pythonhosted.org/packages/0a/f4/dbadfbfbd1472569d8c8a8df7a89b8be0c15d3fa20fd635f0cc48467318e/python_lsp_black-1.2.1-py3-none-any.whl", hash = "sha256:9793e69122f7ab51dffa980f026e456b4be62a3400df5c89b6ecf9278b74913a"},
    {url = "https://files.pythonhosted.org/packages/e1/af/f7264929c245db802f93d4e1abef57ec3dc9d50231aff87d9baea56b439b/python-lsp-black-1.2.1.tar.gz", hash = "sha256:d7eaeab2a377e96a82cc26afe2f8f2e1cf7c6eaefdcdeab026343e2e559dcce9"},
]
"python-lsp-jsonrpc 1.0.0" = [
    {url = "https://files.pythonhosted.org/packages/06/ee/754bfd5f6bfe7162c10d3ecb0aeef6f882f91d3231596c83f761a75efd0b/python_lsp_jsonrpc-1.0.0-py3-none-any.whl", hash = "sha256:079b143be64b0a378bdb21dff5e28a8c1393fe7e8a654ef068322d754e545fc7"},
    {url = "https://files.pythonhosted.org/packages/99/45/1c2a272950679af529f7360af6ee567ef266f282e451be926329e8d50d84/python-lsp-jsonrpc-1.0.0.tar.gz", hash = "sha256:7bec170733db628d3506ea3a5288ff76aa33c70215ed223abdb0d95e957660bd"},
]
"python-lsp-server 1.5.0" = [
    {url = "https://files.pythonhosted.org/packages/86/ea/d838df070b8d18664070a5ed78f750256645959664b5755e605a186f6625/python-lsp-server-1.5.0.tar.gz", hash = "sha256:e5c094c19925022a27c4068f414b2bb653243f8fb0d768e39735289d7a89380d"},
    {url = "https://files.pythonhosted.org/packages/b1/5a/ad7c922b5e0018b0e832d7616023751ecf35a6eaa2919ff996e95ade6e7b/python_lsp_server-1.5.0-py3-none-any.whl", hash = "sha256:77aac9861b0e23cafb251f116448157e6c45957e625097ed4846891281cffc18"},
]
"setuptools 65.5.0" = [
    {url = "https://files.pythonhosted.org/packages/41/82/7f54bbfe5c247a8c9f78d8d1d7c051847bcb78843c397b866dba335c1e88/setuptools-65.5.0-py3-none-any.whl", hash = "sha256:f62ea9da9ed6289bfe868cd6845968a2c854d1427f8548d52cae02a42b4f0356"},
    {url = "https://files.pythonhosted.org/packages/c5/41/247814d8b7a044717164c74080725a6c8f3d2b5fc82b34bd825b617df663/setuptools-65.5.0.tar.gz", hash = "sha256:512e5536220e38146176efb833d4a62aa726b7bbff82cfbc8ba9eaa3996e0b17"},
]
"termcolor 1.1.0" = [
    {url = "https://files.pythonhosted.org/packages/8a/48/a76be51647d0eb9f10e2a4511bf3ffb8cc1e6b14e9e4fab46173aa79f981/termcolor-1.1.0.tar.gz", hash = "sha256:1d6d69ce66211143803fbc56652b41d73b4a400a2891d7bf7a1cdf4c02de613b"},
]
"toml 0.10.2" = [
    {url = "https://files.pythonhosted.org/packages/44/6f/7120676b6d73228c96e17f1f794d8ab046fc910d781c8d151120c3f1569e/toml-0.10.2-py2.py3-none-any.whl", hash = "sha256:806143ae5bfb6a3c6e736a764057db0e6a0e05e338b5630894a5f779cabb4f9b"},
    {url = "https://files.pythonhosted.org/packages/be/ba/1f744cdc819428fc6b5084ec34d9b30660f6f9daaf70eead706e3203ec3c/toml-0.10.2.tar.gz", hash = "sha256:b3bda1d108d5dd99f4a20d24d9c348e91c4db7ab1b749200bded2f839ccbe68f"},
]
"tomli 2.0.1" = [
    {url = "https://files.pythonhosted.org/packages/97/75/10a9ebee3fd790d20926a90a2547f0bf78f371b2f13aa822c759680ca7b9/tomli-2.0.1-py3-none-any.whl", hash = "sha256:939de3e7a6161af0c887ef91b7d41a53e7c5a1ca976325f429cb46ea9bc30ecc"},
    {url = "https://files.pythonhosted.org/packages/c0/3f/d7af728f075fb08564c5949a9c95e44352e23dee646869fa104a3b2060a3/tomli-2.0.1.tar.gz", hash = "sha256:de526c12914f0c550d15924c62d72abc48d6fe7364aa87328337a31007fe8a4f"},
]
"typed-ast 1.5.4" = [
    {url = "https://files.pythonhosted.org/packages/04/93/482d12fd3334b53ec4087e658ab161ab23affcf8b052166b4cf972ca673b/typed_ast-1.5.4-cp37-cp37m-manylinux_2_5_x86_64.manylinux1_x86_64.manylinux_2_12_x86_64.manylinux2010_x86_64.whl", hash = "sha256:6778e1b2f81dfc7bc58e4b259363b83d2e509a65198e85d5700dfae4c6c8ff1c"},
    {url = "https://files.pythonhosted.org/packages/07/d2/d55702e8deba2c80282fea0df53130790d8f398648be589750954c2dcce4/typed_ast-1.5.4.tar.gz", hash = "sha256:39e21ceb7388e4bb37f4c679d72707ed46c2fbf2a5609b8b8ebc4b067d977df2"},
    {url = "https://files.pythonhosted.org/packages/0b/e7/8ec06fc870254889198f933a595f139b7871b24bab1116d6128440731ea9/typed_ast-1.5.4-cp39-cp39-macosx_11_0_arm64.whl", hash = "sha256:3e123d878ba170397916557d31c8f589951e353cc95fb7f24f6bb69adc1a8a97"},
    {url = "https://files.pythonhosted.org/packages/0f/59/430b86961d63278fcbced5ba72655ee93aa35e8e908bad4ff138480eb25d/typed_ast-1.5.4-cp310-cp310-macosx_10_9_x86_64.whl", hash = "sha256:669dd0c4167f6f2cd9f57041e03c3c2ebf9063d0757dc89f79ba1daa2bfca9d4"},
    {url = "https://files.pythonhosted.org/packages/1a/f6/dd891624aaf98b918d7012b9d01753d0192c4eb18cf33ce616c0e08f62ba/typed_ast-1.5.4-cp37-cp37m-win_amd64.whl", hash = "sha256:0261195c2062caf107831e92a76764c81227dae162c4f75192c0d489faf751a2"},
    {url = "https://files.pythonhosted.org/packages/2f/87/25abe9558ed6cbd83ad5bfdccf7210a7eefaaf0232f86de99f65992e91fd/typed_ast-1.5.4-cp38-cp38-macosx_11_0_arm64.whl", hash = "sha256:7d5d014b7daa8b0bf2eaef684295acae12b036d79f54178b92a2b6a56f92278f"},
    {url = "https://files.pythonhosted.org/packages/2f/d5/02059fe6ca70b11bb831007962323160372ca83843e0bf296e8b6d833198/typed_ast-1.5.4-cp39-cp39-manylinux_2_17_aarch64.manylinux2014_aarch64.whl", hash = "sha256:ebd9d7f80ccf7a82ac5f88c521115cc55d84e35bf8b446fcd7836eb6b98929a3"},
    {url = "https://files.pythonhosted.org/packages/34/2d/17fc1845dd5210345904b054c9fa90f451d64df56de0470f429bc8d63d39/typed_ast-1.5.4-cp37-cp37m-macosx_10_9_x86_64.whl", hash = "sha256:cf4afcfac006ece570e32d6fa90ab74a17245b83dfd6655a6f68568098345ff6"},
    {url = "https://files.pythonhosted.org/packages/38/54/48f7d5b1f954f3a4d8f76e1a11c8497ae899b900cd5a67f826fa3937f701/typed_ast-1.5.4-cp36-cp36m-manylinux_2_17_aarch64.manylinux2014_aarch64.whl", hash = "sha256:a94d55d142c9265f4ea46fab70977a1944ecae359ae867397757d836ea5a3f47"},
    {url = "https://files.pythonhosted.org/packages/40/1a/5731a1a3908f60032aead10c2ffc9af12ee708bc9a156ed14a5065a9873a/typed_ast-1.5.4-cp38-cp38-manylinux_2_5_x86_64.manylinux1_x86_64.manylinux_2_12_x86_64.manylinux2010_x86_64.whl", hash = "sha256:4e964b4ff86550a7a7d56345c7864b18f403f5bd7380edf44a3c1fb4ee7ac6c6"},
    {url = "https://files.pythonhosted.org/packages/48/6c/d96a545d337589dc5d7ecc0f8991122800ffec8dc10a24090619883b515e/typed_ast-1.5.4-cp310-cp310-macosx_11_0_arm64.whl", hash = "sha256:211260621ab1cd7324e0798d6be953d00b74e0428382991adfddb352252f1d62"},
    {url = "https://files.pythonhosted.org/packages/4e/c1/cddc664ed3dd7d6bb62c80286c4e088b10556efc9a8db2049b425f8f23f7/typed_ast-1.5.4-cp36-cp36m-macosx_10_9_x86_64.whl", hash = "sha256:79b1e0869db7c830ba6a981d58711c88b6677506e648496b1f64ac7d15633aec"},
    {url = "https://files.pythonhosted.org/packages/5c/e3/f539e658614ebf5a521c8ba7cbbb98afc5f5e90ddb0332ea22c164612dad/typed_ast-1.5.4-cp38-cp38-win_amd64.whl", hash = "sha256:683407d92dc953c8a7347119596f0b0e6c55eb98ebebd9b23437501b28dcbb8e"},
    {url = "https://files.pythonhosted.org/packages/70/2c/6d18e111d2c5422bb9e561bbf36885e430407859b2adef9b3fb575f189d5/typed_ast-1.5.4-cp36-cp36m-win_amd64.whl", hash = "sha256:639c5f0b21776605dd6c9dbe592d5228f021404dafd377e2b7ac046b0349b1a1"},
    {url = "https://files.pythonhosted.org/packages/78/18/3ecf5043f227ebd4a43af57e18e6a38f9fe0b81dbfbb8d62eec669d7b69e/typed_ast-1.5.4-cp38-cp38-manylinux_2_17_aarch64.manylinux2014_aarch64.whl", hash = "sha256:370788a63915e82fd6f212865a596a0fefcbb7d408bbbb13dea723d971ed8bdc"},
    {url = "https://files.pythonhosted.org/packages/96/35/612258bab9e1867b28e3137910df35576b7b0fbb9b6f3013cc23435a79ed/typed_ast-1.5.4-cp310-cp310-manylinux_2_17_aarch64.manylinux2014_aarch64.whl", hash = "sha256:267e3f78697a6c00c689c03db4876dd1efdfea2f251a5ad6555e82a26847b4ac"},
    {url = "https://files.pythonhosted.org/packages/9b/d5/5540eb496c6817eaee8120fb759c7adb36f91ef647c6bb2877f09acc0569/typed_ast-1.5.4-cp38-cp38-macosx_10_9_x86_64.whl", hash = "sha256:2efae9db7a8c05ad5547d522e7dbe62c83d838d3906a3716d1478b6c1d61388d"},
    {url = "https://files.pythonhosted.org/packages/c4/90/dacf9226b34961277f357c17c33b7cae3f05a5f5b8a1d23bd630d7a97a36/typed_ast-1.5.4-cp310-cp310-manylinux_2_5_x86_64.manylinux1_x86_64.manylinux_2_12_x86_64.manylinux2010_x86_64.whl", hash = "sha256:c542eeda69212fa10a7ada75e668876fdec5f856cd3d06829e6aa64ad17c8dfe"},
    {url = "https://files.pythonhosted.org/packages/ca/da/fbc14befbf19d69d05b4b8b019edbc6554d958037a821c6d5585767fe0ff/typed_ast-1.5.4-cp39-cp39-win_amd64.whl", hash = "sha256:0fdbcf2fef0ca421a3f5912555804296f0b0960f0418c440f5d6d3abb549f3e1"},
    {url = "https://files.pythonhosted.org/packages/cd/f3/188eede730be3f6ddb9a788cd6b7289207c5fceebbf8ae190f9716dd8c05/typed_ast-1.5.4-cp310-cp310-win_amd64.whl", hash = "sha256:a9916d2bb8865f973824fb47436fa45e1ebf2efd920f2b9f99342cb7fab93f72"},
    {url = "https://files.pythonhosted.org/packages/d8/4e/db9505b53c44d7bc324a3d2e09bdf82b0943d6e08b183ae382860f482a87/typed_ast-1.5.4-cp39-cp39-manylinux_2_5_x86_64.manylinux1_x86_64.manylinux_2_12_x86_64.manylinux2010_x86_64.whl", hash = "sha256:98f80dee3c03455e92796b58b98ff6ca0b2a6f652120c263efdba4d6c5e58f72"},
    {url = "https://files.pythonhosted.org/packages/dd/87/09764c19a60a192b935579c93a07e781f6a52def10b723c8c5748e69a863/typed_ast-1.5.4-cp37-cp37m-manylinux_2_17_aarch64.manylinux2014_aarch64.whl", hash = "sha256:ed855bbe3eb3715fca349c80174cfcfd699c2f9de574d40527b8429acae23a66"},
    {url = "https://files.pythonhosted.org/packages/e3/7c/7407838e9c540031439f2948bce2763cdd6882ebb72cc0a25b763c10529e/typed_ast-1.5.4-cp36-cp36m-manylinux_2_5_x86_64.manylinux1_x86_64.manylinux_2_12_x86_64.manylinux2010_x86_64.whl", hash = "sha256:183afdf0ec5b1b211724dfef3d2cad2d767cbefac291f24d69b00546c1837fb6"},
    {url = "https://files.pythonhosted.org/packages/f9/57/89ac0020d5ffc762487376d0c78e5d02af795657f18c411155b73de3c765/typed_ast-1.5.4-cp39-cp39-macosx_10_9_x86_64.whl", hash = "sha256:4879da6c9b73443f97e731b617184a596ac1235fe91f98d279a7af36c796da35"},
]
"typing-extensions 4.3.0" = [
    {url = "https://files.pythonhosted.org/packages/9e/1d/d128169ff58c501059330f1ad96ed62b79114a2eb30b8238af63a2e27f70/typing_extensions-4.3.0.tar.gz", hash = "sha256:e6d2677a32f47fc7eb2795db1dd15c1f34eff616bcaf2cfb5e997f854fa1c4a6"},
    {url = "https://files.pythonhosted.org/packages/ed/d6/2afc375a8d55b8be879d6b4986d4f69f01115e795e36827fd3a40166028b/typing_extensions-4.3.0-py3-none-any.whl", hash = "sha256:25642c956049920a5aa49edcdd6ab1e06d7e5d467fc00e0506c44ac86fbfca02"},
]
"ujson 5.5.0" = [
    {url = "https://files.pythonhosted.org/packages/00/57/55b155552c462beb62b8f7ee584740296dd928189a9a948950c4118ad63b/ujson-5.5.0-cp38-cp38-manylinux_2_5_i686.manylinux1_i686.manylinux_2_17_i686.manylinux2014_i686.whl", hash = "sha256:1a485117f97312bef45f5d79d2ff97eff4da503b8a04f3691f59d31141686459"},
    {url = "https://files.pythonhosted.org/packages/00/81/1f6f7057e38500c38da02d71757b4da10c38c806484f37c908af4b7ea193/ujson-5.5.0-pp37-pypy37_pp73-manylinux_2_5_i686.manylinux1_i686.manylinux_2_17_i686.manylinux2014_i686.whl", hash = "sha256:f63d1ae1ca17bb2c847e298c7bcf084a73d56d434b4c50509fb93a4b4300b0b2"},
    {url = "https://files.pythonhosted.org/packages/04/12/19214a56130600ee1bf23bcd56686a3ae7475485b212c790a6cd1947512f/ujson-5.5.0-pp38-pypy38_pp73-macosx_10_9_x86_64.whl", hash = "sha256:2d90414e3b4b44b39825049185959488e084ea7fcaf6124afd5c00893938b09d"},
    {url = "https://files.pythonhosted.org/packages/05/cf/4e666848824b1f8541654ef26a6db0e397f3f5dad61b823dfdad0d5581d4/ujson-5.5.0-cp310-cp310-manylinux_2_17_x86_64.manylinux2014_x86_64.whl", hash = "sha256:f5179088ef6487c475604b7898731a6ddeeada7702cfb2162155b016703a8475"},
    {url = "https://files.pythonhosted.org/packages/06/8b/afbe9476a149a4a95ba5a728a9dbc806a1209e4d43fa77ad87b41dd900e4/ujson-5.5.0-cp310-cp310-manylinux_2_5_i686.manylinux1_i686.manylinux_2_17_i686.manylinux2014_i686.whl", hash = "sha256:c04ae27e076d81a3839047d8eed57c1e17e361640616fd520d752375e3ba8f0c"},
    {url = "https://files.pythonhosted.org/packages/09/c9/4297a0294d323b4be58c4ca70884082db081be5a9ab3ee2e9a2cb8df1b30/ujson-5.5.0-cp310-cp310-win32.whl", hash = "sha256:33cd9084fefc74cbacf88c92fd260b61211e00bcde38d640c369e5dc34a2b4e1"},
    {url = "https://files.pythonhosted.org/packages/0a/ac/db3e3b1938729234d2c02ae0111922e5c79af4ddc41bde39f7b4bd2f8aba/ujson-5.5.0-cp38-cp38-manylinux_2_17_x86_64.manylinux2014_x86_64.whl", hash = "sha256:a7d12f2d2df195c8c4e49d2cdbad640353a856c62ca2c624d8b47aa33b65a2a2"},
    {url = "https://files.pythonhosted.org/packages/11/c6/0cdbc458df922521f95396a0fed3d60bbfaddc35ae19bda595c001d6c369/ujson-5.5.0-cp38-cp38-musllinux_1_1_x86_64.whl", hash = "sha256:701e81e047f5c0cffd4ac828efca68b0bd270c616654966a051e9a5f836b385e"},
    {url = "https://files.pythonhosted.org/packages/15/82/3e5fe7c7b67de55b0710417bbdbe9434a725c4b3e557808c245812e047f7/ujson-5.5.0-cp38-cp38-manylinux_2_17_aarch64.manylinux2014_aarch64.whl", hash = "sha256:5035bb997d163f346c22abcec75190e7e756a5349e7c708bd3d5fd7066a9a854"},
    {url = "https://files.pythonhosted.org/packages/1a/42/3c7dce4341d3995cf339248068073cb34c99670228b8fc5aaf8574885d47/ujson-5.5.0-cp311-cp311-musllinux_1_1_i686.whl", hash = "sha256:880c84ce59f49776cf120f77e7ca04877c97c6887917078dbc369eb47004d7cf"},
    {url = "https://files.pythonhosted.org/packages/21/9f/5bdbd5d7da94f577cee930e2e68ff776b88d8750c01cc4925416da7d3ef4/ujson-5.5.0-cp310-cp310-macosx_11_0_arm64.whl", hash = "sha256:1dc2f46c31ef22b0aaa28cd71be897bea271e700636658d573df9c43c49ebbd0"},
    {url = "https://files.pythonhosted.org/packages/24/18/844fa5d6668900a6fb2cfcc1bd38a6b2cd0b75783943b4e422a8c867ba1f/ujson-5.5.0-cp39-cp39-macosx_11_0_arm64.whl", hash = "sha256:703fd69d9cb21d6ec2086789df9be2cf8140a76ff127050c24007ea8940dcd3b"},
    {url = "https://files.pythonhosted.org/packages/29/91/fd14b40ed7db2370d5742d22da6c8f2a65736735a3b715af45eb9323eaaa/ujson-5.5.0-cp38-cp38-win_amd64.whl", hash = "sha256:e510d288e613d6927796dfb728e13e4530fc83b9ccac5888a21f7860486eab21"},
    {url = "https://files.pythonhosted.org/packages/2f/ea/6dad52e7e611c6381449536ed58da479846d1bab055717da46147e0c2c0b/ujson-5.5.0-cp38-cp38-win32.whl", hash = "sha256:1cef44ea4973344baed3d50a5da4a8843de3a6af7dea7fadf0a594e53ce5892f"},
    {url = "https://files.pythonhosted.org/packages/31/d0/b66fa5b4201d3f6ea94062456451e9494eea34450948ef5e657778c8f62f/ujson-5.5.0-cp38-cp38-musllinux_1_1_aarch64.whl", hash = "sha256:21678d7e068707e4d54bdfeb8c250ebc548b51e499aed778b22112ca31a79669"},
    {url = "https://files.pythonhosted.org/packages/32/d6/74eeaca4137c544ab9d2fa753a6e3e2af2edcc4cb801a5902762d67446bd/ujson-5.5.0-pp39-pypy39_pp73-manylinux_2_17_x86_64.manylinux2014_x86_64.whl", hash = "sha256:d75bef34e69e7effb7b4849e3f830e3174d2cc6ec7273503fdde111c222dc9b3"},
    {url = "https://files.pythonhosted.org/packages/3c/d8/8968c150ae7b666579d50ad63b0bba41bef0e20abcd37b56319893d82161/ujson-5.5.0-cp38-cp38-macosx_10_9_x86_64.whl", hash = "sha256:2e506ecf89b6b9d304362ccef770831ec242a52c89dab1b4aabf1ab0eb1d5ed6"},
    {url = "https://files.pythonhosted.org/packages/3f/ba/577634e03bb04b3eaf8d56c77233fecf4251cedeb57212aef66f3e6ce588/ujson-5.5.0-pp37-pypy37_pp73-manylinux_2_17_x86_64.manylinux2014_x86_64.whl", hash = "sha256:5f9681ec4c60d0da590552427d770636d9079038c30b265f507ccde23caa7823"},
    {url = "https://files.pythonhosted.org/packages/44/4c/8b7619c9bc60685467b4c40522a2d716e6aab681b90feee9050b6cdf5cfb/ujson-5.5.0-cp38-cp38-musllinux_1_1_i686.whl", hash = "sha256:5a9b1320d8363a42d857fae8065a2174d38217cdd58cd8dc4f48d54e0591271e"},
    {url = "https://files.pythonhosted.org/packages/4d/10/fd298c4268d60f4672982bf46e2086feefefac88eaf50ef997d024a02511/ujson-5.5.0-cp37-cp37m-musllinux_1_1_i686.whl", hash = "sha256:6c7ae6e0778ab9610f5e80e0595957d101ab8de18c32a8c053a19943ef4831d0"},
    {url = "https://files.pythonhosted.org/packages/50/83/e9e90cfe0885007e8b0aaaf80a1fc9c415927b3509cf3afe83fbd3c2ce90/ujson-5.5.0-cp311-cp311-macosx_10_9_x86_64.whl", hash = "sha256:278aa9d7cb56435c96d19f5d702e026bcf69f824e24b41e9b52706abd3565837"},
    {url = "https://files.pythonhosted.org/packages/51/4e/a788ac6f74e77d933d21470171e9b356036387da4aa608731ec5b0411117/ujson-5.5.0-cp37-cp37m-manylinux_2_17_aarch64.manylinux2014_aarch64.whl", hash = "sha256:5fd797a4837ba10671954e7c09010cec7aca67e09d193f4920a16beea5f66f65"},
    {url = "https://files.pythonhosted.org/packages/51/d2/b188e44e6a1915fdeee81938586d0188bed3347d8060345c0a350a8da8ab/ujson-5.5.0-cp311-cp311-manylinux_2_17_aarch64.manylinux2014_aarch64.whl", hash = "sha256:9cdc46859024501c20ab74ad542cdf2f08b94b5ce384f2f569483fa3ed926d04"},
    {url = "https://files.pythonhosted.org/packages/55/79/a3159113498f8c6963a49dba44c04511138de66a10fb39b104f269fd4b0c/ujson-5.5.0-cp39-cp39-musllinux_1_1_i686.whl", hash = "sha256:6f83be8257b2f2dd6dea5ee62cd28db90584da7a7af1fba77a2102fc7943638a"},
    {url = "https://files.pythonhosted.org/packages/57/65/e6d07fcbc05a54ef78243d656ea909a43da80cf7d499fd10b7f04f2adcd5/ujson-5.5.0-cp37-cp37m-macosx_10_9_x86_64.whl", hash = "sha256:f26544bc10c83a2ff9aa2e093500c1b473f327faae31fb468d591e5823333376"},
    {url = "https://files.pythonhosted.org/packages/60/81/151c3a72200321a949a7df0d319d7e4e851f9639f250eebc9f200c7807c3/ujson-5.5.0-cp37-cp37m-win_amd64.whl", hash = "sha256:59cdcd934385f36e8bd76aedc234371cc75c848d95bdce804ac8aa8744cfeffa"},
    {url = "https://files.pythonhosted.org/packages/61/4f/57f46d7c22b0f9e7b133d1acbc39c89d5d95d6ab7235250551a2e644178b/ujson-5.5.0-cp311-cp311-manylinux_2_17_x86_64.manylinux2014_x86_64.whl", hash = "sha256:d5bea13c73f36c4346808df3fa806596163a7962b6d28001ca2a391cab856089"},
    {url = "https://files.pythonhosted.org/packages/64/f6/d5a0b4fba60451649abac5347945d7b8f7cc6eb2c0dc3e89f83764256513/ujson-5.5.0-cp37-cp37m-manylinux_2_17_x86_64.manylinux2014_x86_64.whl", hash = "sha256:7d7cfac2547c93389fa303fc0c0eb6698825564e8389c41c9b60009c746207b6"},
    {url = "https://files.pythonhosted.org/packages/6a/e6/d8d8a598deca71a0f7b1445b01c04d5756a5fbdcc8b23c987e8449ae9df7/ujson-5.5.0-cp39-cp39-manylinux_2_5_i686.manylinux1_i686.manylinux_2_17_i686.manylinux2014_i686.whl", hash = "sha256:593a0f6fb0e186c5ba65465ed6f6215a30d1efa898c25e74de1c8577a1bff6d0"},
    {url = "https://files.pythonhosted.org/packages/6c/be/3727d198931c24ed71dd6d46592daff00164bc1416394bb772e6cb22d5f4/ujson-5.5.0-cp310-cp310-win_amd64.whl", hash = "sha256:765d46f3d5e7a1d48075035e2d1a9164f683e3fccde834ca04602e6c588835bc"},
    {url = "https://files.pythonhosted.org/packages/6e/4a/03ddad85a10dd52e209993a14afa0cb0dc5c348e4647329f1c53856ad9e6/ujson-5.5.0.tar.gz", hash = "sha256:b25077a971c7da47bd6846a912a747f6963776d90720c88603b1b55d81790780"},
    {url = "https://files.pythonhosted.org/packages/73/58/8b80631f93bdf2ed9e29714a98a2f4049cea5d4f3497e694da1325e20056/ujson-5.5.0-cp39-cp39-manylinux_2_17_x86_64.manylinux2014_x86_64.whl", hash = "sha256:bf416a93e1331820c77e3429df26946dbd4fe105e9b487cd2d1b7298b75784a8"},
    {url = "https://files.pythonhosted.org/packages/76/f4/7088dc921fc57040a308250d27cf070235a3c503b9c5a4ed981bd0092863/ujson-5.5.0-pp38-pypy38_pp73-manylinux_2_17_aarch64.manylinux2014_aarch64.whl", hash = "sha256:7471d4486f23518cff343f1eec6c68d1b977ed74c3e6cc3e1ac896b9b7d68645"},
    {url = "https://files.pythonhosted.org/packages/7b/b3/8c5ebf1d449fa7e3a16b5fc8e0d5ef757ae2cd96d761951470133f00eec4/ujson-5.5.0-cp39-cp39-manylinux_2_17_aarch64.manylinux2014_aarch64.whl", hash = "sha256:849f2ff40264152f25589cb48ddb4a43d14db811f841ec73989bfc0c8c4853fa"},
    {url = "https://files.pythonhosted.org/packages/80/bc/1b1ed9ff02ef0db06c7ec38d9ac10d905d2d158904c6361277e96bec114d/ujson-5.5.0-cp38-cp38-macosx_11_0_arm64.whl", hash = "sha256:10095160dbe6bba8059ad6677a01da251431f4c68041bf796dcac0956b34f8f7"},
    {url = "https://files.pythonhosted.org/packages/80/cc/6b8d454b33e9963c243a70d5b749d3fc96c489b83a198c1a4afaf5316eb4/ujson-5.5.0-pp38-pypy38_pp73-win_amd64.whl", hash = "sha256:d9c89c521dc90c7564358e525f849b93ad1d710553c1491f66b8cce8113bc901"},
    {url = "https://files.pythonhosted.org/packages/89/95/78933c95d85b7c1ce0d1c50e71a8111ef1bbbc19045ff8bad6f1a31b811f/ujson-5.5.0-pp39-pypy39_pp73-macosx_10_9_x86_64.whl", hash = "sha256:2ab011e3556a9a1d9461bd686870c527327765ed02fe53550531d6609a8a33ff"},
    {url = "https://files.pythonhosted.org/packages/8e/6b/454b2dcc9dc0e7e7ecf579cdac8b2f744b731993ea32ca7e693f0044fdfe/ujson-5.5.0-pp39-pypy39_pp73-manylinux_2_5_i686.manylinux1_i686.manylinux_2_17_i686.manylinux2014_i686.whl", hash = "sha256:abfe83e082c9208891e2158c1b5044a650ecec408b823bf6bf16cd7f8085cafa"},
    {url = "https://files.pythonhosted.org/packages/96/05/28adc35fbc7d17ff0c6a64b1c8dc570a8fc51a70507db0bc3fa94542b079/ujson-5.5.0-cp37-cp37m-musllinux_1_1_aarch64.whl", hash = "sha256:0762a4fdf86e01f3f8d8b6b7158d01fdd870799ff3f402b676e358fcd879e7eb"},
    {url = "https://files.pythonhosted.org/packages/96/d6/989666a0db829fb6c7740458e13269514a43fc0d8b7ef3b09a2e284181fe/ujson-5.5.0-cp39-cp39-musllinux_1_1_aarch64.whl", hash = "sha256:7c20cc83b0df47129ec6ed8a47fa7dcfc309c5bad029464004162738502568bb"},
    {url = "https://files.pythonhosted.org/packages/9b/c6/a9d911f8b4d2c503b7406421307699775ededbada77594ac2a8705bf43a0/ujson-5.5.0-cp311-cp311-manylinux_2_5_i686.manylinux1_i686.manylinux_2_17_i686.manylinux2014_i686.whl", hash = "sha256:3f3f4240d99d55eb97cb012e9adf401f5ed9cd827af0341ac44603832202b0d2"},
    {url = "https://files.pythonhosted.org/packages/9d/b5/0313dd6174abf983d9b83eb45f3fc2e1323496e2ca0207c3441f09512c80/ujson-5.5.0-pp39-pypy39_pp73-manylinux_2_17_aarch64.manylinux2014_aarch64.whl", hash = "sha256:603607f56a0ee84d9cd2c7e9b1d29b18a70684b94ee34f07b9ffe8dc9c8a9f81"},
    {url = "https://files.pythonhosted.org/packages/a2/c2/7303ff5646dec30b273db2867af54f1d9407a3995f6e689746cb9e38af71/ujson-5.5.0-cp310-cp310-musllinux_1_1_aarch64.whl", hash = "sha256:60a4b481978ea2aad8fe8af1ecc271624d01b3cf4b09e9b643dd2fe19c07634c"},
    {url = "https://files.pythonhosted.org/packages/a2/d9/6da0faa3b5cc083d95171a2ff9ef5311f9e380495471790ba902a27a94de/ujson-5.5.0-cp310-cp310-manylinux_2_17_aarch64.manylinux2014_aarch64.whl", hash = "sha256:6019e3480d933d3698f2ecb4b46d64bfadd64e718f04fac36e681f3254b49a93"},
    {url = "https://files.pythonhosted.org/packages/a8/b3/7af273e37bbd75958dc49839c91c3c92885f6c6b7b150e6e36d4ae4b9b82/ujson-5.5.0-pp37-pypy37_pp73-win_amd64.whl", hash = "sha256:95603eff711b8f3b9596e1c961dbeb745a792ba1904141612f194e07edd71e5f"},
    {url = "https://files.pythonhosted.org/packages/b4/30/4ca0411535b405f9a11a8860368c890e7f52a7df689b2ac2cd17c966178b/ujson-5.5.0-cp310-cp310-musllinux_1_1_x86_64.whl", hash = "sha256:6b9812638d7aa8ecda2e8e1513fb4da999249603bffab7439a5f8f0bb362b0db"},
    {url = "https://files.pythonhosted.org/packages/b6/6d/f63381fe48f36b12beba891563a65d9b9d0443f0b3804a119573985cf6cf/ujson-5.5.0-pp38-pypy38_pp73-manylinux_2_17_x86_64.manylinux2014_x86_64.whl", hash = "sha256:ee9a2c9a4b2421e77f8fe33ed0621dea03c66c710707553020b1e32f3afb6240"},
    {url = "https://files.pythonhosted.org/packages/b9/e3/00660a5cf0f1283262ed65f1c7ddb89466ba7cf1bd5804d0c70623d08808/ujson-5.5.0-pp37-pypy37_pp73-manylinux_2_17_aarch64.manylinux2014_aarch64.whl", hash = "sha256:7d87c817b292efb748f1974f37e8bb8a8772ef92f05f84e507159360814bcc3f"},
    {url = "https://files.pythonhosted.org/packages/bc/dd/17ad07f0d4e89bce089a13a84f4ede876b0e865ccbf1ac1286c6690e6fec/ujson-5.5.0-cp311-cp311-win_amd64.whl", hash = "sha256:a34a5f034b339f69ef7f6a134c22d04b92e07b6ddc1dd65382e7e4ec65d6437d"},
    {url = "https://files.pythonhosted.org/packages/be/4d/e750aa8b850ef3f8fed4fb3850fe17d8f6b5635e99b122af162cd3a77577/ujson-5.5.0-pp38-pypy38_pp73-manylinux_2_5_i686.manylinux1_i686.manylinux_2_17_i686.manylinux2014_i686.whl", hash = "sha256:4a8cb3c8637006c5bd8237ebb5992a76ba06e39988ad5cff2096227443e8fd6a"},
    {url = "https://files.pythonhosted.org/packages/c2/72/ade00a04d2d8e896541923aa6fd128d2e35bf2408c902c50036f74d8e432/ujson-5.5.0-pp39-pypy39_pp73-win_amd64.whl", hash = "sha256:4ef4ab8352861b99bd7fedb1fc6df3ea7f7d5216c789ba6d859e4ea06f1a4c45"},
    {url = "https://files.pythonhosted.org/packages/c2/d3/96830ea9184ebc7ca554c977b5b4a31b3c7bf0d82b47919bf95bfd067ab2/ujson-5.5.0-pp37-pypy37_pp73-macosx_10_9_x86_64.whl", hash = "sha256:f19f11055ba2961eb39bdb1ff15763a53fca4fa0b5b624da3c7a528e83cdd09c"},
    {url = "https://files.pythonhosted.org/packages/c2/f3/5c35af5f09f23d36b541cd3b6c1bf897581c814c6e4e301b4cd8c8a5918e/ujson-5.5.0-cp310-cp310-macosx_10_9_x86_64.whl", hash = "sha256:ff4928dc1e9704b567171c16787238201fdbf023665573c12c02146fe1e02eec"},
    {url = "https://files.pythonhosted.org/packages/ca/1f/7bef09a38ee73f4908cff9c8ce26799b972a475a264e1c8c74a29a062e2d/ujson-5.5.0-cp310-cp310-musllinux_1_1_i686.whl", hash = "sha256:7a09d203983104918c62f2eef9406f24c355511f9217967df23e70fa7f5b54ff"},
    {url = "https://files.pythonhosted.org/packages/cc/c2/de74760ac23e32df8663dd5218137fd5e3f1e78fb52ca906494d014ee559/ujson-5.5.0-cp37-cp37m-win32.whl", hash = "sha256:3b74467564814fbce322427a5664e6bcc7dae6dbc8acbef76300fe43ca4072ab"},
    {url = "https://files.pythonhosted.org/packages/cd/35/d121c224f0b38aa6234bce0d09f8fa22ed8cef8bf33c6659cc50b919b617/ujson-5.5.0-cp39-cp39-macosx_10_9_x86_64.whl", hash = "sha256:e1135264bcd40965cd35b0869e36952f54825024befdc7a923df9a7d83cfd800"},
    {url = "https://files.pythonhosted.org/packages/d3/b3/657a7b4d42f5c7cb51b6734a12b09588ad3e81c42059c0c5c72bdc0af0d0/ujson-5.5.0-cp311-cp311-win32.whl", hash = "sha256:e0b36257dc90194784531c3b922d8d31fb2b4d8e5adfd27aff4eee7174176365"},
    {url = "https://files.pythonhosted.org/packages/d5/4c/cb5e487fcc558f468e45dfef97fc043aade6b6a82575c68f6936589e699e/ujson-5.5.0-cp39-cp39-win_amd64.whl", hash = "sha256:a655f7b755cfc5c07f2116b6dcf0ba148c89adef9a6d40c1b0f1fada878c4345"},
    {url = "https://files.pythonhosted.org/packages/d9/6e/e576c7c2f8d5ab5062f81b5f5436af1ff500e4bd578432f97a5a798a08f0/ujson-5.5.0-cp311-cp311-musllinux_1_1_x86_64.whl", hash = "sha256:977bf5be704a88d46bf5b228df8b44521b1f3119d741062191608b3a6a38f224"},
    {url = "https://files.pythonhosted.org/packages/e0/ef/42fd75348bec379019ff032219266f974358356c627fa1bfecb6b2cb4565/ujson-5.5.0-cp37-cp37m-manylinux_2_5_i686.manylinux1_i686.manylinux_2_17_i686.manylinux2014_i686.whl", hash = "sha256:f4875cafc9a6482c04c7df52a725d1c41beb74913c0ff4ec8f189f1954a2afe9"},
    {url = "https://files.pythonhosted.org/packages/e2/6d/4d292218e87e2506806cb876525ea09a2cb853df6b153d21f250b37ea696/ujson-5.5.0-cp39-cp39-win32.whl", hash = "sha256:3fe1aea596f9539fc20cd9e52f098c842afc090168824fd4ca9744fe13151a03"},
    {url = "https://files.pythonhosted.org/packages/e6/55/7b57ab91b30ddd3b416787802fdbfc998aef1193161c05440dd6c0807885/ujson-5.5.0-cp39-cp39-musllinux_1_1_x86_64.whl", hash = "sha256:8141f654432cf75144d6103bfac2286b8adf23467201590b173a74535d6be22d"},
    {url = "https://files.pythonhosted.org/packages/ed/cc/a26d48f5a303d30649d8ac9043aa49c33e1564424a36667877e4b10f9613/ujson-5.5.0-cp37-cp37m-musllinux_1_1_x86_64.whl", hash = "sha256:94874584b733a18b310b0e954d53168e62cd4a0fd9db85b1903f0902a7eb33e8"},
    {url = "https://files.pythonhosted.org/packages/f1/06/66ad7240f3c4efa10b32891244ebb2610a01cd815eaf725f1d87115d1214/ujson-5.5.0-cp311-cp311-musllinux_1_1_aarch64.whl", hash = "sha256:d93940664a5ccfd79f72dcb939b0c31a3479889f14f0eb95ec52976f8c0cae7d"},
    {url = "https://files.pythonhosted.org/packages/f6/16/821b04b006f3e1d1ce44397a99a13190693e5677457f8d60278780fcccb9/ujson-5.5.0-cp311-cp311-macosx_11_0_arm64.whl", hash = "sha256:9585892091ae86045135d6a6129a644142d6a51b23e1428bb5de6d10bc0ce0c7"},
]
"zipp 3.8.1" = [
    {url = "https://files.pythonhosted.org/packages/3b/e3/fb79a1ea5f3a7e9745f688855d3c673f2ef7921639a380ec76f7d4d83a85/zipp-3.8.1.tar.gz", hash = "sha256:05b45f1ee8f807d0cc928485ca40a07cb491cf092ff587c0df9cb1fd154848d2"},
    {url = "https://files.pythonhosted.org/packages/f0/36/639d6742bcc3ffdce8b85c31d79fcfae7bb04b95f0e5c4c6f8b206a038cc/zipp-3.8.1-py3-none-any.whl", hash = "sha256:47c40d7fe183a6f21403a199b3e4192cca5774656965b0a4988ad2f8feb5f009"},
]
